
Microsoft Visual Studio Solution File, Format Version 12.00
# Visual Studio Version 16
VisualStudioVersion = 16.0.30413.136
MinimumVisualStudioVersion = 10.0.40219.1
Project("{FAE04EC0-301F-11D3-BF4B-00C04F79EFBC}") = "StackLayoutForm.Android", "StackLayoutForm\StackLayoutForm.Android\StackLayoutForm.Android.csproj", "{8E90C111-1298-4AB2-B647-462B5AECB61A}"
EndProject
Project("{FAE04EC0-301F-11D3-BF4B-00C04F79EFBC}") = "StackLayoutForm.iOS", "StackLayoutForm\StackLayoutForm.iOS\StackLayoutForm.iOS.csproj", "{E0F8FF5A-923A-442F-B385-CCB64006729E}"
EndProject
Project("{FAE04EC0-301F-11D3-BF4B-00C04F79EFBC}") = "StackLayoutForm", "StackLayoutForm\StackLayoutForm\StackLayoutForm.csproj", "{41D067F4-BD2F-4C29-8E32-7918AC7E3742}"
EndProject
Global
	GlobalSection(SolutionConfigurationPlatforms) = preSolution
		Debug|Any CPU = Debug|Any CPU
		Debug|iPhone = Debug|iPhone
		Debug|iPhoneSimulator = Debug|iPhoneSimulator
		Release|Any CPU = Release|Any CPU
		Release|iPhone = Release|iPhone
		Release|iPhoneSimulator = Release|iPhoneSimulator
	EndGlobalSection
	GlobalSection(ProjectConfigurationPlatforms) = postSolution
		{8E90C111-1298-4AB2-B647-462B5AECB61A}.Debug|Any CPU.ActiveCfg = Debug|Any CPU
		{8E90C111-1298-4AB2-B647-462B5AECB61A}.Debug|Any CPU.Build.0 = Debug|Any CPU
		{8E90C111-1298-4AB2-B647-462B5AECB61A}.Debug|Any CPU.Deploy.0 = Debug|Any CPU
		{8E90C111-1298-4AB2-B647-462B5AECB61A}.Debug|iPhone.ActiveCfg = Debug|Any CPU
		{8E90C111-1298-4AB2-B647-462B5AECB61A}.Debug|iPhone.Build.0 = Debug|Any CPU
		{8E90C111-1298-4AB2-B647-462B5AECB61A}.Debug|iPhone.Deploy.0 = Debug|Any CPU
		{8E90C111-1298-4AB2-B647-462B5AECB61A}.Debug|iPhoneSimulator.ActiveCfg = Debug|Any CPU
		{8E90C111-1298-4AB2-B647-462B5AECB61A}.Debug|iPhoneSimulator.Build.0 = Debug|Any CPU
		{8E90C111-1298-4AB2-B647-462B5AECB61A}.Debug|iPhoneSimulator.Deploy.0 = Debug|Any CPU
		{8E90C111-1298-4AB2-B647-462B5AECB61A}.Release|Any CPU.ActiveCfg = Release|Any CPU
		{8E90C111-1298-4AB2-B647-462B5AECB61A}.Release|Any CPU.Build.0 = Release|Any CPU
		{8E90C111-1298-4AB2-B647-462B5AECB61A}.Release|Any CPU.Deploy.0 = Release|Any CPU
		{8E90C111-1298-4AB2-B647-462B5AECB61A}.Release|iPhone.ActiveCfg = Release|Any CPU
		{8E90C111-1298-4AB2-B647-462B5AECB61A}.Release|iPhone.Build.0 = Release|Any CPU
		{8E90C111-1298-4AB2-B647-462B5AECB61A}.Release|iPhone.Deploy.0 = Release|Any CPU
		{8E90C111-1298-4AB2-B647-462B5AECB61A}.Release|iPhoneSimulator.ActiveCfg = Release|Any CPU
		{8E90C111-1298-4AB2-B647-462B5AECB61A}.Release|iPhoneSimulator.Build.0 = Release|Any CPU
		{8E90C111-1298-4AB2-B647-462B5AECB61A}.Release|iPhoneSimulator.Deploy.0 = Release|Any CPU
		{E0F8FF5A-923A-442F-B385-CCB64006729E}.Debug|Any CPU.ActiveCfg = Debug|iPhone
		{E0F8FF5A-923A-442F-B385-CCB64006729E}.Debug|Any CPU.Build.0 = Debug|iPhone
		{E0F8FF5A-923A-442F-B385-CCB64006729E}.Debug|Any CPU.Deploy.0 = Debug|iPhone
		{E0F8FF5A-923A-442F-B385-CCB64006729E}.Debug|iPhone.ActiveCfg = Debug|iPhone
		{E0F8FF5A-923A-442F-B385-CCB64006729E}.Debug|iPhone.Build.0 = Debug|iPhone
		{E0F8FF5A-923A-442F-B385-CCB64006729E}.Debug|iPhone.Deploy.0 = Debug|iPhone
		{E0F8FF5A-923A-442F-B385-CCB64006729E}.Debug|iPhoneSimulator.ActiveCfg = Debug|iPhoneSimulator
		{E0F8FF5A-923A-442F-B385-CCB64006729E}.Debug|iPhoneSimulator.Build.0 = Debug|iPhoneSimulator
		{E0F8FF5A-923A-442F-B385-CCB64006729E}.Debug|iPhoneSimulator.Deploy.0 = Debug|iPhoneSimulator
		{E0F8FF5A-923A-442F-B385-CCB64006729E}.Release|Any CPU.ActiveCfg = Release|iPhone
		{E0F8FF5A-923A-442F-B385-CCB64006729E}.Release|Any CPU.Build.0 = Release|iPhone
		{E0F8FF5A-923A-442F-B385-CCB64006729E}.Release|Any CPU.Deploy.0 = Release|iPhone
		{E0F8FF5A-923A-442F-B385-CCB64006729E}.Release|iPhone.ActiveCfg = Release|iPhone
		{E0F8FF5A-923A-442F-B385-CCB64006729E}.Release|iPhone.Build.0 = Release|iPhone
		{E0F8FF5A-923A-442F-B385-CCB64006729E}.Release|iPhone.Deploy.0 = Release|iPhone
		{E0F8FF5A-923A-442F-B385-CCB64006729E}.Release|iPhoneSimulator.ActiveCfg = Release|iPhoneSimulator
		{E0F8FF5A-923A-442F-B385-CCB64006729E}.Release|iPhoneSimulator.Build.0 = Release|iPhoneSimulator
		{E0F8FF5A-923A-442F-B385-CCB64006729E}.Release|iPhoneSimulator.Deploy.0 = Release|iPhoneSimulator
		{41D067F4-BD2F-4C29-8E32-7918AC7E3742}.Debug|Any CPU.ActiveCfg = Debug|Any CPU
		{41D067F4-BD2F-4C29-8E32-7918AC7E3742}.Debug|Any CPU.Build.0 = Debug|Any CPU
		{41D067F4-BD2F-4C29-8E32-7918AC7E3742}.Debug|Any CPU.Deploy.0 = Debug|Any CPU
		{41D067F4-BD2F-4C29-8E32-7918AC7E3742}.Debug|iPhone.ActiveCfg = Debug|Any CPU
		{41D067F4-BD2F-4C29-8E32-7918AC7E3742}.Debug|iPhone.Build.0 = Debug|Any CPU
		{41D067F4-BD2F-4C29-8E32-7918AC7E3742}.Debug|iPhone.Deploy.0 = Debug|Any CPU
		{41D067F4-BD2F-4C29-8E32-7918AC7E3742}.Debug|iPhoneSimulator.ActiveCfg = Debug|Any CPU
		{41D067F4-BD2F-4C29-8E32-7918AC7E3742}.Debug|iPhoneSimulator.Build.0 = Debug|Any CPU
		{41D067F4-BD2F-4C29-8E32-7918AC7E3742}.Debug|iPhoneSimulator.Deploy.0 = Debug|Any CPU
		{41D067F4-BD2F-4C29-8E32-7918AC7E3742}.Release|Any CPU.ActiveCfg = Release|Any CPU
		{41D067F4-BD2F-4C29-8E32-7918AC7E3742}.Release|Any CPU.Build.0 = Release|Any CPU
		{41D067F4-BD2F-4C29-8E32-7918AC7E3742}.Release|Any CPU.Deploy.0 = Release|Any CPU
		{41D067F4-BD2F-4C29-8E32-7918AC7E3742}.Release|iPhone.ActiveCfg = Release|Any CPU
		{41D067F4-BD2F-4C29-8E32-7918AC7E3742}.Release|iPhone.Build.0 = Release|Any CPU
		{41D067F4-BD2F-4C29-8E32-7918AC7E3742}.Release|iPhone.Deploy.0 = Release|Any CPU
		{41D067F4-BD2F-4C29-8E32-7918AC7E3742}.Release|iPhoneSimulator.ActiveCfg = Release|Any CPU
		{41D067F4-BD2F-4C29-8E32-7918AC7E3742}.Release|iPhoneSimulator.Build.0 = Release|Any CPU
		{41D067F4-BD2F-4C29-8E32-7918AC7E3742}.Release|iPhoneSimulator.Deploy.0 = Release|Any CPU
	EndGlobalSection
	GlobalSection(SolutionProperties) = preSolution
		HideSolutionNode = FALSE
	EndGlobalSection
	GlobalSection(ExtensibilityGlobals) = postSolution
		SolutionGuid = {750287BC-85AD-4BBB-AD46-E1BB42B00445}
	EndGlobalSection
EndGlobal
